
Microsoft Visual Studio Solution File, Format Version 12.00
# Visual Studio 2013
VisualStudioVersion = 12.0.40629.0
MinimumVisualStudioVersion = 10.0.40219.1
Project("{FAE04EC0-301F-11D3-BF4B-00C04F79EFBC}") = "SABenefits", "SABenefits\SABenefits.csproj", "{7477A6CE-F927-41AC-9B6B-F542FC73A912}"
EndProject
Project("{FAE04EC0-301F-11D3-BF4B-00C04F79EFBC}") = "DAL", "DAL\DAL.csproj", "{D54C3DE0-EBC6-49C9-8F64-913DF2CA6FE7}"
EndProject
Project("{FAE04EC0-301F-11D3-BF4B-00C04F79EFBC}") = "BAL", "BAL\BAL.csproj", "{C360550E-C9A6-482F-98E9-E58C53F89821}"
EndProject
Project("{FAE04EC0-301F-11D3-BF4B-00C04F79EFBC}") = "Domain", "Domain\Domain.csproj", "{58D1D3A6-2991-45F0-A1FD-BD014F409A7E}"
EndProject
Global
	GlobalSection(SolutionConfigurationPlatforms) = preSolution
		Debug|Any CPU = Debug|Any CPU
		Release|Any CPU = Release|Any CPU
	EndGlobalSection
	GlobalSection(ProjectConfigurationPlatforms) = postSolution
		{7477A6CE-F927-41AC-9B6B-F542FC73A912}.Debug|Any CPU.ActiveCfg = Debug|Any CPU
		{7477A6CE-F927-41AC-9B6B-F542FC73A912}.Debug|Any CPU.Build.0 = Debug|Any CPU
		{7477A6CE-F927-41AC-9B6B-F542FC73A912}.Release|Any CPU.ActiveCfg = Release|Any CPU
		{7477A6CE-F927-41AC-9B6B-F542FC73A912}.Release|Any CPU.Build.0 = Release|Any CPU
		{D54C3DE0-EBC6-49C9-8F64-913DF2CA6FE7}.Debug|Any CPU.ActiveCfg = Debug|Any CPU
		{D54C3DE0-EBC6-49C9-8F64-913DF2CA6FE7}.Debug|Any CPU.Build.0 = Debug|Any CPU
		{D54C3DE0-EBC6-49C9-8F64-913DF2CA6FE7}.Release|Any CPU.ActiveCfg = Release|Any CPU
		{D54C3DE0-EBC6-49C9-8F64-913DF2CA6FE7}.Release|Any CPU.Build.0 = Release|Any CPU
		{C360550E-C9A6-482F-98E9-E58C53F89821}.Debug|Any CPU.ActiveCfg = Debug|Any CPU
		{C360550E-C9A6-482F-98E9-E58C53F89821}.Debug|Any CPU.Build.0 = Debug|Any CPU
		{C360550E-C9A6-482F-98E9-E58C53F89821}.Release|Any CPU.ActiveCfg = Release|Any CPU
		{C360550E-C9A6-482F-98E9-E58C53F89821}.Release|Any CPU.Build.0 = Release|Any CPU
		{58D1D3A6-2991-45F0-A1FD-BD014F409A7E}.Debug|Any CPU.ActiveCfg = Debug|Any CPU
		{58D1D3A6-2991-45F0-A1FD-BD014F409A7E}.Debug|Any CPU.Build.0 = Debug|Any CPU
		{58D1D3A6-2991-45F0-A1FD-BD014F409A7E}.Release|Any CPU.ActiveCfg = Release|Any CPU
		{58D1D3A6-2991-45F0-A1FD-BD014F409A7E}.Release|Any CPU.Build.0 = Release|Any CPU
	EndGlobalSection
	GlobalSection(SolutionProperties) = preSolution
		HideSolutionNode = FALSE
	EndGlobalSection
EndGlobal
